
Microsoft Visual Studio Solution File, Format Version 12.00
# Visual Studio Version 16
VisualStudioVersion = 16.0.30907.101
MinimumVisualStudioVersion = 10.0.40219.1
Project("{FAE04EC0-301F-11D3-BF4B-00C04F79EFBC}") = "teeheeater", "teeheeater\teeheeater.csproj", "{CC520BBD-3884-4C02-8942-40ACE3D6581C}"
EndProject
Global
	GlobalSection(SolutionConfigurationPlatforms) = preSolution
		Debug|Any CPU = Debug|Any CPU
		Release|Any CPU = Release|Any CPU
	EndGlobalSection
	GlobalSection(ProjectConfigurationPlatforms) = postSolution
		{CC520BBD-3884-4C02-8942-40ACE3D6581C}.Debug|Any CPU.ActiveCfg = Debug|Any CPU
		{CC520BBD-3884-4C02-8942-40ACE3D6581C}.Debug|Any CPU.Build.0 = Debug|Any CPU
		{CC520BBD-3884-4C02-8942-40ACE3D6581C}.Release|Any CPU.ActiveCfg = Release|Any CPU
		{CC520BBD-3884-4C02-8942-40ACE3D6581C}.Release|Any CPU.Build.0 = Release|Any CPU
	EndGlobalSection
	GlobalSection(SolutionProperties) = preSolution
		HideSolutionNode = FALSE
	EndGlobalSection
	GlobalSection(ExtensibilityGlobals) = postSolution
		SolutionGuid = {F646379D-0D22-4F26-978C-43475826B1CA}
	EndGlobalSection
EndGlobal
